
Microsoft Visual Studio Solution File, Format Version 12.00
# Visual Studio Version 16
VisualStudioVersion = 25.0.1705.2
MinimumVisualStudioVersion = 10.0.40219.1
Project("{FAE04EC0-301F-11D3-BF4B-00C04F79EFBC}") = "Noted", "Noted\Noted.csproj", "{46562704-57D6-4ABC-93DD-2FF6B7E91088}"
EndProject
Global
	GlobalSection(SolutionConfigurationPlatforms) = preSolution
		Debug|Any CPU = Debug|Any CPU
		Release|Any CPU = Release|Any CPU
	EndGlobalSection
	GlobalSection(ProjectConfigurationPlatforms) = postSolution
		{46562704-57D6-4ABC-93DD-2FF6B7E91088}.Debug|Any CPU.ActiveCfg = Debug|Any CPU
		{46562704-57D6-4ABC-93DD-2FF6B7E91088}.Debug|Any CPU.Build.0 = Debug|Any CPU
		{46562704-57D6-4ABC-93DD-2FF6B7E91088}.Release|Any CPU.ActiveCfg = Release|Any CPU
		{46562704-57D6-4ABC-93DD-2FF6B7E91088}.Release|Any CPU.Build.0 = Release|Any CPU
	EndGlobalSection
	GlobalSection(SolutionProperties) = preSolution
		HideSolutionNode = FALSE
	EndGlobalSection
	GlobalSection(ExtensibilityGlobals) = postSolution
		SolutionGuid = {8BE28953-B7B7-46F0-987E-D584970CA3FB}
	EndGlobalSection
EndGlobal
